
Microsoft Visual Studio Solution File, Format Version 12.00
# Visual Studio Version 17
VisualStudioVersion = 17.8.34525.116
MinimumVisualStudioVersion = 10.0.40219.1
Project("{FAE04EC0-301F-11D3-BF4B-00C04F79EFBC}") = "HuaracheriaBahias", "HuaracheriaBahias\HuaracheriaBahias.csproj", "{99570C0D-F0E7-4E7D-91A5-ABE0C0BD357C}"
EndProject
Project("{FAE04EC0-301F-11D3-BF4B-00C04F79EFBC}") = "HuaracheriaBahias.AccesoDatos", "HuaracheriaBahias.AccesoDatos\HuaracheriaBahias.AccesoDatos.csproj", "{4C78C9CB-387F-4FDD-B27F-0AA118690735}"
EndProject
Project("{FAE04EC0-301F-11D3-BF4B-00C04F79EFBC}") = "HuaracheriaBahias.Modelos", "HuaracheriaBahias.Modelos\HuaracheriaBahias.Modelos.csproj", "{42960FEA-3E96-4E03-B913-6818A069421E}"
EndProject
Project("{FAE04EC0-301F-11D3-BF4B-00C04F79EFBC}") = "HuaracheriaBahias.Utillidades", "HuaracheriaBahias.Utillidades\HuaracheriaBahias.Utillidades.csproj", "{E295FE1B-1CBA-49B0-95A2-D98CE467A813}"
EndProject
Global
	GlobalSection(SolutionConfigurationPlatforms) = preSolution
		Debug|Any CPU = Debug|Any CPU
		Release|Any CPU = Release|Any CPU
	EndGlobalSection
	GlobalSection(ProjectConfigurationPlatforms) = postSolution
		{99570C0D-F0E7-4E7D-91A5-ABE0C0BD357C}.Debug|Any CPU.ActiveCfg = Debug|Any CPU
		{99570C0D-F0E7-4E7D-91A5-ABE0C0BD357C}.Debug|Any CPU.Build.0 = Debug|Any CPU
		{99570C0D-F0E7-4E7D-91A5-ABE0C0BD357C}.Release|Any CPU.ActiveCfg = Release|Any CPU
		{99570C0D-F0E7-4E7D-91A5-ABE0C0BD357C}.Release|Any CPU.Build.0 = Release|Any CPU
		{4C78C9CB-387F-4FDD-B27F-0AA118690735}.Debug|Any CPU.ActiveCfg = Debug|Any CPU
		{4C78C9CB-387F-4FDD-B27F-0AA118690735}.Debug|Any CPU.Build.0 = Debug|Any CPU
		{4C78C9CB-387F-4FDD-B27F-0AA118690735}.Release|Any CPU.ActiveCfg = Release|Any CPU
		{4C78C9CB-387F-4FDD-B27F-0AA118690735}.Release|Any CPU.Build.0 = Release|Any CPU
		{42960FEA-3E96-4E03-B913-6818A069421E}.Debug|Any CPU.ActiveCfg = Debug|Any CPU
		{42960FEA-3E96-4E03-B913-6818A069421E}.Debug|Any CPU.Build.0 = Debug|Any CPU
		{42960FEA-3E96-4E03-B913-6818A069421E}.Release|Any CPU.ActiveCfg = Release|Any CPU
		{42960FEA-3E96-4E03-B913-6818A069421E}.Release|Any CPU.Build.0 = Release|Any CPU
		{E295FE1B-1CBA-49B0-95A2-D98CE467A813}.Debug|Any CPU.ActiveCfg = Debug|Any CPU
		{E295FE1B-1CBA-49B0-95A2-D98CE467A813}.Debug|Any CPU.Build.0 = Debug|Any CPU
		{E295FE1B-1CBA-49B0-95A2-D98CE467A813}.Release|Any CPU.ActiveCfg = Release|Any CPU
		{E295FE1B-1CBA-49B0-95A2-D98CE467A813}.Release|Any CPU.Build.0 = Release|Any CPU
	EndGlobalSection
	GlobalSection(SolutionProperties) = preSolution
		HideSolutionNode = FALSE
	EndGlobalSection
	GlobalSection(ExtensibilityGlobals) = postSolution
		SolutionGuid = {FA1C0EB2-17A8-4CE2-8354-7635EC6989D0}
	EndGlobalSection
EndGlobal
